
Microsoft Visual Studio Solution File, Format Version 12.00
# Visual Studio Version 17
VisualStudioVersion = 17.11.35327.3
MinimumVisualStudioVersion = 10.0.40219.1
Project("{E24C65DC-7377-472B-9ABA-BC803B73C61A}") = "projeto-urbanleaf(1)", ".", "{AA114385-84C6-42F1-A8D3-8F80C99B2435}"
	ProjectSection(WebsiteProperties) = preProject
		TargetFrameworkMoniker = ".NETFramework,Version%3Dv4.8"
		Debug.AspNetCompiler.VirtualPath = "/localhost_53047"
		Debug.AspNetCompiler.PhysicalPath = "..\..\..\OneDrive\Área de Trabalho\projeto-urbanleaf\projeto-urbanleaf\"
		Debug.AspNetCompiler.TargetPath = "PrecompiledWeb\localhost_53047\"
		Debug.AspNetCompiler.Updateable = "true"
		Debug.AspNetCompiler.ForceOverwrite = "true"
		Debug.AspNetCompiler.FixedNames = "false"
		Debug.AspNetCompiler.Debug = "True"
		Release.AspNetCompiler.VirtualPath = "/localhost_53047"
		Release.AspNetCompiler.PhysicalPath = "..\..\..\OneDrive\Área de Trabalho\projeto-urbanleaf\projeto-urbanleaf\"
		Release.AspNetCompiler.TargetPath = "PrecompiledWeb\localhost_53047\"
		Release.AspNetCompiler.Updateable = "true"
		Release.AspNetCompiler.ForceOverwrite = "true"
		Release.AspNetCompiler.FixedNames = "false"
		Release.AspNetCompiler.Debug = "False"
		VWDPort = "53047"
	EndProjectSection
EndProject
Global
	GlobalSection(SolutionConfigurationPlatforms) = preSolution
		Debug|Any CPU = Debug|Any CPU
	EndGlobalSection
	GlobalSection(ProjectConfigurationPlatforms) = postSolution
		{AA114385-84C6-42F1-A8D3-8F80C99B2435}.Debug|Any CPU.ActiveCfg = Debug|Any CPU
		{AA114385-84C6-42F1-A8D3-8F80C99B2435}.Debug|Any CPU.Build.0 = Debug|Any CPU
	EndGlobalSection
	GlobalSection(SolutionProperties) = preSolution
		HideSolutionNode = FALSE
	EndGlobalSection
	GlobalSection(ExtensibilityGlobals) = postSolution
		SolutionGuid = {BE4588DC-B358-4343-BE1E-883480AF9A31}
	EndGlobalSection
EndGlobal
